
Microsoft Visual Studio Solution File, Format Version 12.00
# Visual Studio 2013
VisualStudioVersion = 12.0.31101.0
MinimumVisualStudioVersion = 10.0.40219.1
Project("{FAE04EC0-301F-11D3-BF4B-00C04F79EFBC}") = "JoeCoffeeStore.StockManagement.App", "JoeCoffeeStore.StockManagement.App\JoeCoffeeStore.StockManagement.App.csproj", "{681D488E-7D03-477B-A06E-88D82BDCA045}"
EndProject
Project("{FAE04EC0-301F-11D3-BF4B-00C04F79EFBC}") = "JoeCoffeeStore.StockManagement.DAL", "JoeCoffeeStore.StockManagement.DAL\JoeCoffeeStore.StockManagement.DAL.csproj", "{E3B151D2-E608-47FF-833B-E09B19028B55}"
EndProject
Project("{FAE04EC0-301F-11D3-BF4B-00C04F79EFBC}") = "JoeCoffeeStore.StockManagement.Model", "JoeCoffeeStore.StockManagement.Model\JoeCoffeeStore.StockManagement.Model.csproj", "{21910AF4-AF73-4357-BB40-117D74A51640}"
EndProject
Global
	GlobalSection(SolutionConfigurationPlatforms) = preSolution
		Debug|Any CPU = Debug|Any CPU
		Debug|ARM = Debug|ARM
		Debug|x64 = Debug|x64
		Debug|x86 = Debug|x86
		Release|Any CPU = Release|Any CPU
		Release|ARM = Release|ARM
		Release|x64 = Release|x64
		Release|x86 = Release|x86
	EndGlobalSection
	GlobalSection(ProjectConfigurationPlatforms) = postSolution
		{681D488E-7D03-477B-A06E-88D82BDCA045}.Debug|Any CPU.ActiveCfg = Debug|Any CPU
		{681D488E-7D03-477B-A06E-88D82BDCA045}.Debug|Any CPU.Build.0 = Debug|Any CPU
		{681D488E-7D03-477B-A06E-88D82BDCA045}.Debug|ARM.ActiveCfg = Debug|Any CPU
		{681D488E-7D03-477B-A06E-88D82BDCA045}.Debug|x64.ActiveCfg = Debug|Any CPU
		{681D488E-7D03-477B-A06E-88D82BDCA045}.Debug|x86.ActiveCfg = Debug|Any CPU
		{681D488E-7D03-477B-A06E-88D82BDCA045}.Release|Any CPU.ActiveCfg = Release|Any CPU
		{681D488E-7D03-477B-A06E-88D82BDCA045}.Release|Any CPU.Build.0 = Release|Any CPU
		{681D488E-7D03-477B-A06E-88D82BDCA045}.Release|ARM.ActiveCfg = Release|Any CPU
		{681D488E-7D03-477B-A06E-88D82BDCA045}.Release|x64.ActiveCfg = Release|Any CPU
		{681D488E-7D03-477B-A06E-88D82BDCA045}.Release|x86.ActiveCfg = Release|Any CPU
		{E3B151D2-E608-47FF-833B-E09B19028B55}.Debug|Any CPU.ActiveCfg = Debug|Any CPU
		{E3B151D2-E608-47FF-833B-E09B19028B55}.Debug|Any CPU.Build.0 = Debug|Any CPU
		{E3B151D2-E608-47FF-833B-E09B19028B55}.Debug|ARM.ActiveCfg = Debug|Any CPU
		{E3B151D2-E608-47FF-833B-E09B19028B55}.Debug|x64.ActiveCfg = Debug|Any CPU
		{E3B151D2-E608-47FF-833B-E09B19028B55}.Debug|x86.ActiveCfg = Debug|Any CPU
		{E3B151D2-E608-47FF-833B-E09B19028B55}.Release|Any CPU.ActiveCfg = Release|Any CPU
		{E3B151D2-E608-47FF-833B-E09B19028B55}.Release|Any CPU.Build.0 = Release|Any CPU
		{E3B151D2-E608-47FF-833B-E09B19028B55}.Release|ARM.ActiveCfg = Release|Any CPU
		{E3B151D2-E608-47FF-833B-E09B19028B55}.Release|x64.ActiveCfg = Release|Any CPU
		{E3B151D2-E608-47FF-833B-E09B19028B55}.Release|x86.ActiveCfg = Release|Any CPU
		{21910AF4-AF73-4357-BB40-117D74A51640}.Debug|Any CPU.ActiveCfg = Debug|Any CPU
		{21910AF4-AF73-4357-BB40-117D74A51640}.Debug|Any CPU.Build.0 = Debug|Any CPU
		{21910AF4-AF73-4357-BB40-117D74A51640}.Debug|ARM.ActiveCfg = Debug|Any CPU
		{21910AF4-AF73-4357-BB40-117D74A51640}.Debug|x64.ActiveCfg = Debug|Any CPU
		{21910AF4-AF73-4357-BB40-117D74A51640}.Debug|x86.ActiveCfg = Debug|Any CPU
		{21910AF4-AF73-4357-BB40-117D74A51640}.Release|Any CPU.ActiveCfg = Release|Any CPU
		{21910AF4-AF73-4357-BB40-117D74A51640}.Release|Any CPU.Build.0 = Release|Any CPU
		{21910AF4-AF73-4357-BB40-117D74A51640}.Release|ARM.ActiveCfg = Release|Any CPU
		{21910AF4-AF73-4357-BB40-117D74A51640}.Release|x64.ActiveCfg = Release|Any CPU
		{21910AF4-AF73-4357-BB40-117D74A51640}.Release|x86.ActiveCfg = Release|Any CPU
	EndGlobalSection
	GlobalSection(SolutionProperties) = preSolution
		HideSolutionNode = FALSE
	EndGlobalSection
EndGlobal
