
Microsoft Visual Studio Solution File, Format Version 12.00
# Visual Studio 14
VisualStudioVersion = 14.0.25420.1
MinimumVisualStudioVersion = 10.0.40219.1
Project("{FAE04EC0-301F-11D3-BF4B-00C04F79EFBC}") = "StarWarsUWP", "StarWarsUWP\StarWarsUWP.csproj", "{6E3C63D1-83DD-4E23-8EA9-185761A4D70F}"
EndProject
Project("{FAE04EC0-301F-11D3-BF4B-00C04F79EFBC}") = "StarWars.Domain", "StarWars.Domain\StarWars.Domain.csproj", "{CBE162F7-9B6C-42C9-86B6-AEF53DF02EE0}"
EndProject
Project("{FAE04EC0-301F-11D3-BF4B-00C04F79EFBC}") = "StarWars.DAL", "StarWars.DAL\StarWars.DAL.csproj", "{5A987A94-7BD3-4BCF-8A1D-737B6BB96065}"
EndProject
Global
	GlobalSection(SolutionConfigurationPlatforms) = preSolution
		Debug|Any CPU = Debug|Any CPU
		Debug|ARM = Debug|ARM
		Debug|x64 = Debug|x64
		Debug|x86 = Debug|x86
		Release|Any CPU = Release|Any CPU
		Release|ARM = Release|ARM
		Release|x64 = Release|x64
		Release|x86 = Release|x86
	EndGlobalSection
	GlobalSection(ProjectConfigurationPlatforms) = postSolution
		{6E3C63D1-83DD-4E23-8EA9-185761A4D70F}.Debug|Any CPU.ActiveCfg = Debug|x86
		{6E3C63D1-83DD-4E23-8EA9-185761A4D70F}.Debug|ARM.ActiveCfg = Debug|ARM
		{6E3C63D1-83DD-4E23-8EA9-185761A4D70F}.Debug|ARM.Build.0 = Debug|ARM
		{6E3C63D1-83DD-4E23-8EA9-185761A4D70F}.Debug|ARM.Deploy.0 = Debug|ARM
		{6E3C63D1-83DD-4E23-8EA9-185761A4D70F}.Debug|x64.ActiveCfg = Debug|x64
		{6E3C63D1-83DD-4E23-8EA9-185761A4D70F}.Debug|x64.Build.0 = Debug|x64
		{6E3C63D1-83DD-4E23-8EA9-185761A4D70F}.Debug|x64.Deploy.0 = Debug|x64
		{6E3C63D1-83DD-4E23-8EA9-185761A4D70F}.Debug|x86.ActiveCfg = Debug|x86
		{6E3C63D1-83DD-4E23-8EA9-185761A4D70F}.Debug|x86.Build.0 = Debug|x86
		{6E3C63D1-83DD-4E23-8EA9-185761A4D70F}.Debug|x86.Deploy.0 = Debug|x86
		{6E3C63D1-83DD-4E23-8EA9-185761A4D70F}.Release|Any CPU.ActiveCfg = Release|x86
		{6E3C63D1-83DD-4E23-8EA9-185761A4D70F}.Release|ARM.ActiveCfg = Release|ARM
		{6E3C63D1-83DD-4E23-8EA9-185761A4D70F}.Release|ARM.Build.0 = Release|ARM
		{6E3C63D1-83DD-4E23-8EA9-185761A4D70F}.Release|ARM.Deploy.0 = Release|ARM
		{6E3C63D1-83DD-4E23-8EA9-185761A4D70F}.Release|x64.ActiveCfg = Release|x64
		{6E3C63D1-83DD-4E23-8EA9-185761A4D70F}.Release|x64.Build.0 = Release|x64
		{6E3C63D1-83DD-4E23-8EA9-185761A4D70F}.Release|x64.Deploy.0 = Release|x64
		{6E3C63D1-83DD-4E23-8EA9-185761A4D70F}.Release|x86.ActiveCfg = Release|x86
		{6E3C63D1-83DD-4E23-8EA9-185761A4D70F}.Release|x86.Build.0 = Release|x86
		{6E3C63D1-83DD-4E23-8EA9-185761A4D70F}.Release|x86.Deploy.0 = Release|x86
		{CBE162F7-9B6C-42C9-86B6-AEF53DF02EE0}.Debug|Any CPU.ActiveCfg = Debug|Any CPU
		{CBE162F7-9B6C-42C9-86B6-AEF53DF02EE0}.Debug|Any CPU.Build.0 = Debug|Any CPU
		{CBE162F7-9B6C-42C9-86B6-AEF53DF02EE0}.Debug|ARM.ActiveCfg = Debug|Any CPU
		{CBE162F7-9B6C-42C9-86B6-AEF53DF02EE0}.Debug|ARM.Build.0 = Debug|Any CPU
		{CBE162F7-9B6C-42C9-86B6-AEF53DF02EE0}.Debug|x64.ActiveCfg = Debug|Any CPU
		{CBE162F7-9B6C-42C9-86B6-AEF53DF02EE0}.Debug|x64.Build.0 = Debug|Any CPU
		{CBE162F7-9B6C-42C9-86B6-AEF53DF02EE0}.Debug|x86.ActiveCfg = Debug|Any CPU
		{CBE162F7-9B6C-42C9-86B6-AEF53DF02EE0}.Debug|x86.Build.0 = Debug|Any CPU
		{CBE162F7-9B6C-42C9-86B6-AEF53DF02EE0}.Release|Any CPU.ActiveCfg = Release|Any CPU
		{CBE162F7-9B6C-42C9-86B6-AEF53DF02EE0}.Release|Any CPU.Build.0 = Release|Any CPU
		{CBE162F7-9B6C-42C9-86B6-AEF53DF02EE0}.Release|ARM.ActiveCfg = Release|Any CPU
		{CBE162F7-9B6C-42C9-86B6-AEF53DF02EE0}.Release|ARM.Build.0 = Release|Any CPU
		{CBE162F7-9B6C-42C9-86B6-AEF53DF02EE0}.Release|x64.ActiveCfg = Release|Any CPU
		{CBE162F7-9B6C-42C9-86B6-AEF53DF02EE0}.Release|x64.Build.0 = Release|Any CPU
		{CBE162F7-9B6C-42C9-86B6-AEF53DF02EE0}.Release|x86.ActiveCfg = Release|Any CPU
		{CBE162F7-9B6C-42C9-86B6-AEF53DF02EE0}.Release|x86.Build.0 = Release|Any CPU
		{5A987A94-7BD3-4BCF-8A1D-737B6BB96065}.Debug|Any CPU.ActiveCfg = Debug|Any CPU
		{5A987A94-7BD3-4BCF-8A1D-737B6BB96065}.Debug|Any CPU.Build.0 = Debug|Any CPU
		{5A987A94-7BD3-4BCF-8A1D-737B6BB96065}.Debug|ARM.ActiveCfg = Debug|Any CPU
		{5A987A94-7BD3-4BCF-8A1D-737B6BB96065}.Debug|ARM.Build.0 = Debug|Any CPU
		{5A987A94-7BD3-4BCF-8A1D-737B6BB96065}.Debug|x64.ActiveCfg = Debug|Any CPU
		{5A987A94-7BD3-4BCF-8A1D-737B6BB96065}.Debug|x64.Build.0 = Debug|Any CPU
		{5A987A94-7BD3-4BCF-8A1D-737B6BB96065}.Debug|x86.ActiveCfg = Debug|Any CPU
		{5A987A94-7BD3-4BCF-8A1D-737B6BB96065}.Debug|x86.Build.0 = Debug|Any CPU
		{5A987A94-7BD3-4BCF-8A1D-737B6BB96065}.Release|Any CPU.ActiveCfg = Release|Any CPU
		{5A987A94-7BD3-4BCF-8A1D-737B6BB96065}.Release|Any CPU.Build.0 = Release|Any CPU
		{5A987A94-7BD3-4BCF-8A1D-737B6BB96065}.Release|ARM.ActiveCfg = Release|Any CPU
		{5A987A94-7BD3-4BCF-8A1D-737B6BB96065}.Release|ARM.Build.0 = Release|Any CPU
		{5A987A94-7BD3-4BCF-8A1D-737B6BB96065}.Release|x64.ActiveCfg = Release|Any CPU
		{5A987A94-7BD3-4BCF-8A1D-737B6BB96065}.Release|x64.Build.0 = Release|Any CPU
		{5A987A94-7BD3-4BCF-8A1D-737B6BB96065}.Release|x86.ActiveCfg = Release|Any CPU
		{5A987A94-7BD3-4BCF-8A1D-737B6BB96065}.Release|x86.Build.0 = Release|Any CPU
	EndGlobalSection
	GlobalSection(SolutionProperties) = preSolution
		HideSolutionNode = FALSE
	EndGlobalSection
EndGlobal
